
Microsoft Visual Studio Solution File, Format Version 12.00
# Visual Studio Version 17
VisualStudioVersion = 17.13.35825.156 d17.13
MinimumVisualStudioVersion = 10.0.40219.1
Project("{FAE04EC0-301F-11D3-BF4B-00C04F79EFBC}") = "CrudSqlServerDapper", "CrudSqlServerDapper\CrudSqlServerDapper.csproj", "{DE51944F-BABD-4858-9ABF-908C3F3E6A7A}"
EndProject
Global
	GlobalSection(SolutionConfigurationPlatforms) = preSolution
		Debug|Any CPU = Debug|Any CPU
		Release|Any CPU = Release|Any CPU
	EndGlobalSection
	GlobalSection(ProjectConfigurationPlatforms) = postSolution
		{DE51944F-BABD-4858-9ABF-908C3F3E6A7A}.Debug|Any CPU.ActiveCfg = Debug|Any CPU
		{DE51944F-BABD-4858-9ABF-908C3F3E6A7A}.Debug|Any CPU.Build.0 = Debug|Any CPU
		{DE51944F-BABD-4858-9ABF-908C3F3E6A7A}.Release|Any CPU.ActiveCfg = Release|Any CPU
		{DE51944F-BABD-4858-9ABF-908C3F3E6A7A}.Release|Any CPU.Build.0 = Release|Any CPU
	EndGlobalSection
	GlobalSection(SolutionProperties) = preSolution
		HideSolutionNode = FALSE
	EndGlobalSection
	GlobalSection(ExtensibilityGlobals) = postSolution
		SolutionGuid = {49231A36-341A-40D7-808B-F2E198FB9F6B}
	EndGlobalSection
EndGlobal
